// !$*UTF8*$!
{
	archiveVersion = 1;
	classes = {
	};
	objectVersion = 46;
	objects = {

/* Begin PBXBuildFile section */
		AF03863A1AE771B900778017 /* AppDelegate.swift in Sources */ = {isa = PBXBuildFile; fileRef = AF0386391AE771B900778017 /* AppDelegate.swift */; };
		AF0386411AE771B900778017 /* Images.xcassets in Resources */ = {isa = PBXBuildFile; fileRef = AF0386401AE771B900778017 /* Images.xcassets */; };
		AF0386501AE771B900778017 /* FacebumpTests.swift in Sources */ = {isa = PBXBuildFile; fileRef = AF03864F1AE771B900778017 /* FacebumpTests.swift */; };
		AF03865A1AE7745000778017 /* ContainerController.swift in Sources */ = {isa = PBXBuildFile; fileRef = AF0386591AE7745000778017 /* ContainerController.swift */; };
		AF1FCAA61AEC4DBD00A15D92 /* PreviewController2.swift in Sources */ = {isa = PBXBuildFile; fileRef = AF1FCAA51AEC4DBD00A15D92 /* PreviewController2.swift */; };
		AF1FCAAA1AEC574600A15D92 /* ProfilePage.swift in Sources */ = {isa = PBXBuildFile; fileRef = AF1FCAA91AEC574600A15D92 /* ProfilePage.swift */; };
		AF1FCAAC1AEC81F500A15D92 /* ScanningPage.swift in Sources */ = {isa = PBXBuildFile; fileRef = AF1FCAAB1AEC81F500A15D92 /* ScanningPage.swift */; };
		AF3731FC1AE833FB00E9706D /* PreviewController.swift in Sources */ = {isa = PBXBuildFile; fileRef = AF3731FB1AE833FB00E9706D /* PreviewController.swift */; };
		AF3731FE1AE8341F00E9706D /* DiscoveredBarCodeView.swift in Sources */ = {isa = PBXBuildFile; fileRef = AF3731FD1AE8341F00E9706D /* DiscoveredBarCodeView.swift */; };
		B0CD4A605A1FB81BC80855AA /* Pods_Facebump.framework in Frameworks */ = {isa = PBXBuildFile; fileRef = AEE6654019D4001568504F92 /* Pods_Facebump.framework */; settings = {ATTRIBUTES = (Weak, ); }; };
/* End PBXBuildFile section */

/* Begin PBXContainerItemProxy section */
		AF03864A1AE771B900778017 /* PBXContainerItemProxy */ = {
			isa = PBXContainerItemProxy;
			containerPortal = AF03862C1AE771B900778017 /* Project object */;
			proxyType = 1;
			remoteGlobalIDString = AF0386331AE771B900778017;
			remoteInfo = Facebump;
		};
/* End PBXContainerItemProxy section */

/* Begin PBXFileReference section */
		8F1DCDA814A1D379F6CF686D /* Pods-Facebump.debug.xcconfig */ = {isa = PBXFileReference; includeInIndex = 1; lastKnownFileType = text.xcconfig; name = "Pods-Facebump.debug.xcconfig"; path = "Pods/Target Support Files/Pods-Facebump/Pods-Facebump.debug.xcconfig"; sourceTree = "<group>"; };
		AEE6654019D4001568504F92 /* Pods_Facebump.framework */ = {isa = PBXFileReference; explicitFileType = wrapper.framework; includeInIndex = 0; path = Pods_Facebump.framework; sourceTree = BUILT_PRODUCTS_DIR; };
		AF0386341AE771B900778017 /* Facebump.app */ = {isa = PBXFileReference; explicitFileType = wrapper.application; includeInIndex = 0; path = Facebump.app; sourceTree = BUILT_PRODUCTS_DIR; };
		AF0386381AE771B900778017 /* Info.plist */ = {isa = PBXFileReference; lastKnownFileType = text.plist.xml; path = Info.plist; sourceTree = "<group>"; };
		AF0386391AE771B900778017 /* AppDelegate.swift */ = {isa = PBXFileReference; lastKnownFileType = sourcecode.swift; path = AppDelegate.swift; sourceTree = "<group>"; };
		AF0386401AE771B900778017 /* Images.xcassets */ = {isa = PBXFileReference; lastKnownFileType = folder.assetcatalog; path = Images.xcassets; sourceTree = "<group>"; };
		AF0386491AE771B900778017 /* FacebumpTests.xctest */ = {isa = PBXFileReference; explicitFileType = wrapper.cfbundle; includeInIndex = 0; path = FacebumpTests.xctest; sourceTree = BUILT_PRODUCTS_DIR; };
		AF03864E1AE771B900778017 /* Info.plist */ = {isa = PBXFileReference; lastKnownFileType = text.plist.xml; path = Info.plist; sourceTree = "<group>"; };
		AF03864F1AE771B900778017 /* FacebumpTests.swift */ = {isa = PBXFileReference; lastKnownFileType = sourcecode.swift; path = FacebumpTests.swift; sourceTree = "<group>"; };
		AF0386591AE7745000778017 /* ContainerController.swift */ = {isa = PBXFileReference; fileEncoding = 4; lastKnownFileType = sourcecode.swift; path = ContainerController.swift; sourceTree = "<group>"; };
		AF1FCAA51AEC4DBD00A15D92 /* PreviewController2.swift */ = {isa = PBXFileReference; fileEncoding = 4; lastKnownFileType = sourcecode.swift; path = PreviewController2.swift; sourceTree = "<group>"; };
		AF1FCAA91AEC574600A15D92 /* ProfilePage.swift */ = {isa = PBXFileReference; fileEncoding = 4; lastKnownFileType = sourcecode.swift; path = ProfilePage.swift; sourceTree = "<group>"; };
		AF1FCAAB1AEC81F500A15D92 /* ScanningPage.swift */ = {isa = PBXFileReference; fileEncoding = 4; lastKnownFileType = sourcecode.swift; path = ScanningPage.swift; sourceTree = "<group>"; };
		AF3731FB1AE833FB00E9706D /* PreviewController.swift */ = {isa = PBXFileReference; fileEncoding = 4; lastKnownFileType = sourcecode.swift; path = PreviewController.swift; sourceTree = "<group>"; };
		AF3731FD1AE8341F00E9706D /* DiscoveredBarCodeView.swift */ = {isa = PBXFileReference; fileEncoding = 4; lastKnownFileType = sourcecode.swift; path = DiscoveredBarCodeView.swift; sourceTree = "<group>"; };
		F154D5F866E928B41F800A2A /* Pods-Facebump.release.xcconfig */ = {isa = PBXFileReference; includeInIndex = 1; lastKnownFileType = text.xcconfig; name = "Pods-Facebump.release.xcconfig"; path = "Pods/Target Support Files/Pods-Facebump/Pods-Facebump.release.xcconfig"; sourceTree = "<group>"; };
/* End PBXFileReference section */

/* Begin PBXFrameworksBuildPhase section */
		AF0386311AE771B900778017 /* Frameworks */ = {
			isa = PBXFrameworksBuildPhase;
			buildActionMask = 2147483647;
			files = (
				B0CD4A605A1FB81BC80855AA /* Pods_Facebump.framework in Frameworks */,
			);
			runOnlyForDeploymentPostprocessing = 0;
		};
		AF0386461AE771B900778017 /* Frameworks */ = {
			isa = PBXFrameworksBuildPhase;
			buildActionMask = 2147483647;
			files = (
			);
			runOnlyForDeploymentPostprocessing = 0;
		};
/* End PBXFrameworksBuildPhase section */

/* Begin PBXGroup section */
		788947B7954AE4AC799C4B12 /* Pods */ = {
			isa = PBXGroup;
			children = (
				8F1DCDA814A1D379F6CF686D /* Pods-Facebump.debug.xcconfig */,
				F154D5F866E928B41F800A2A /* Pods-Facebump.release.xcconfig */,
			);
			name = Pods;
			sourceTree = "<group>";
		};
		AF03862B1AE771B900778017 = {
			isa = PBXGroup;
			children = (
				AF0386361AE771B900778017 /* Facebump */,
				AF03864C1AE771B900778017 /* FacebumpTests */,
				AF0386351AE771B900778017 /* Products */,
				788947B7954AE4AC799C4B12 /* Pods */,
				D008869B7C9E7BE3FC44E2A5 /* Frameworks */,
			);
			sourceTree = "<group>";
		};
		AF0386351AE771B900778017 /* Products */ = {
			isa = PBXGroup;
			children = (
				AF0386341AE771B900778017 /* Facebump.app */,
				AF0386491AE771B900778017 /* FacebumpTests.xctest */,
			);
			name = Products;
			sourceTree = "<group>";
		};
		AF0386361AE771B900778017 /* Facebump */ = {
			isa = PBXGroup;
			children = (
				AF0386391AE771B900778017 /* AppDelegate.swift */,
				AF0386591AE7745000778017 /* ContainerController.swift */,
				AF3731FB1AE833FB00E9706D /* PreviewController.swift */,
				AF1FCAA51AEC4DBD00A15D92 /* PreviewController2.swift */,
				AF1FCAA91AEC574600A15D92 /* ProfilePage.swift */,
				AF1FCAAB1AEC81F500A15D92 /* ScanningPage.swift */,
				AF3731FD1AE8341F00E9706D /* DiscoveredBarCodeView.swift */,
				AF0386401AE771B900778017 /* Images.xcassets */,
				AF0386371AE771B900778017 /* Supporting Files */,
			);
			path = Facebump;
			sourceTree = "<group>";
		};
		AF0386371AE771B900778017 /* Supporting Files */ = {
			isa = PBXGroup;
			children = (
				AF0386381AE771B900778017 /* Info.plist */,
			);
			name = "Supporting Files";
			sourceTree = "<group>";
		};
		AF03864C1AE771B900778017 /* FacebumpTests */ = {
			isa = PBXGroup;
			children = (
				AF03864F1AE771B900778017 /* FacebumpTests.swift */,
				AF03864D1AE771B900778017 /* Supporting Files */,
			);
			path = FacebumpTests;
			sourceTree = "<group>";
		};
		AF03864D1AE771B900778017 /* Supporting Files */ = {
			isa = PBXGroup;
			children = (
				AF03864E1AE771B900778017 /* Info.plist */,
			);
			name = "Supporting Files";
			sourceTree = "<group>";
		};
		D008869B7C9E7BE3FC44E2A5 /* Frameworks */ = {
			isa = PBXGroup;
			children = (
				AEE6654019D4001568504F92 /* Pods_Facebump.framework */,
			);
			name = Frameworks;
			sourceTree = "<group>";
		};
/* End PBXGroup section */

/* Begin PBXNativeTarget section */
		AF0386331AE771B900778017 /* Facebump */ = {
			isa = PBXNativeTarget;
			buildConfigurationList = AF0386531AE771B900778017 /* Build configuration list for PBXNativeTarget "Facebump" */;
			buildPhases = (
				C96C142A2A0907B5B5884E0C /* Check Pods Manifest.lock */,
				AF0386301AE771B900778017 /* Sources */,
				AF0386311AE771B900778017 /* Frameworks */,
				AF0386321AE771B900778017 /* Resources */,
				2169FD2D1C4A998309712860 /* Embed Pods Frameworks */,
				5782C85296B9B277F37342DE /* Copy Pods Resources */,
			);
			buildRules = (
			);
			dependencies = (
			);
			name = Facebump;
			productName = Facebump;
			productReference = AF0386341AE771B900778017 /* Facebump.app */;
			productType = "com.apple.product-type.application";
		};
		AF0386481AE771B900778017 /* FacebumpTests */ = {
			isa = PBXNativeTarget;
			buildConfigurationList = AF0386561AE771B900778017 /* Build configuration list for PBXNativeTarget "FacebumpTests" */;
			buildPhases = (
				AF0386451AE771B900778017 /* Sources */,
				AF0386461AE771B900778017 /* Frameworks */,
				AF0386471AE771B900778017 /* Resources */,
			);
			buildRules = (
			);
			dependencies = (
				AF03864B1AE771B900778017 /* PBXTargetDependency */,
			);
			name = FacebumpTests;
			productName = FacebumpTests;
			productReference = AF0386491AE771B900778017 /* FacebumpTests.xctest */;
			productType = "com.apple.product-type.bundle.unit-test";
		};
/* End PBXNativeTarget section */

/* Begin PBXProject section */
		AF03862C1AE771B900778017 /* Project object */ = {
			isa = PBXProject;
			attributes = {
				LastUpgradeCheck = 0630;
				ORGANIZATIONNAME = "Max Rogers";
				TargetAttributes = {
					AF0386331AE771B900778017 = {
						CreatedOnToolsVersion = 6.3;
					};
					AF0386481AE771B900778017 = {
						CreatedOnToolsVersion = 6.3;
						TestTargetID = AF0386331AE771B900778017;
					};
				};
			};
			buildConfigurationList = AF03862F1AE771B900778017 /* Build configuration list for PBXProject "Facebump" */;
			compatibilityVersion = "Xcode 3.2";
			developmentRegion = English;
			hasScannedForEncodings = 0;
			knownRegions = (
				en,
				Base,
			);
			mainGroup = AF03862B1AE771B900778017;
			productRefGroup = AF0386351AE771B900778017 /* Products */;
			projectDirPath = "";
			projectRoot = "";
			targets = (
				AF0386331AE771B900778017 /* Facebump */,
				AF0386481AE771B900778017 /* FacebumpTests */,
			);
		};
/* End PBXProject section */

/* Begin PBXResourcesBuildPhase section */
		AF0386321AE771B900778017 /* Resources */ = {
			isa = PBXResourcesBuildPhase;
			buildActionMask = 2147483647;
			files = (
				AF0386411AE771B900778017 /* Images.xcassets in Resources */,
			);
			runOnlyForDeploymentPostprocessing = 0;
		};
		AF0386471AE771B900778017 /* Resources */ = {
			isa = PBXResourcesBuildPhase;
			buildActionMask = 2147483647;
			files = (
			);
			runOnlyForDeploymentPostprocessing = 0;
		};
/* End PBXResourcesBuildPhase section */

/* Begin PBXShellScriptBuildPhase section */
		2169FD2D1C4A998309712860 /* Embed Pods Frameworks */ = {
			isa = PBXShellScriptBuildPhase;
			buildActionMask = 2147483647;
			files = (
			);
			inputPaths = (
			);
			name = "Embed Pods Frameworks";
			outputPaths = (
			);
			runOnlyForDeploymentPostprocessing = 0;
			shellPath = /bin/sh;
			shellScript = "\"${SRCROOT}/Pods/Target Support Files/Pods-Facebump/Pods-Facebump-frameworks.sh\"\n";
			showEnvVarsInLog = 0;
		};
		5782C85296B9B277F37342DE /* Copy Pods Resources */ = {
			isa = PBXShellScriptBuildPhase;
			buildActionMask = 2147483647;
			files = (
			);
			inputPaths = (
			);
			name = "Copy Pods Resources";
			outputPaths = (
			);
			runOnlyForDeploymentPostprocessing = 0;
			shellPath = /bin/sh;
			shellScript = "\"${SRCROOT}/Pods/Target Support Files/Pods-Facebump/Pods-Facebump-resources.sh\"\n";
			showEnvVarsInLog = 0;
		};
		C96C142A2A0907B5B5884E0C /* Check Pods Manifest.lock */ = {
			isa = PBXShellScriptBuildPhase;
			buildActionMask = 2147483647;
			files = (
			);
			inputPaths = (
			);
			name = "Check Pods Manifest.lock";
			outputPaths = (
			);
			runOnlyForDeploymentPostprocessing = 0;
			shellPath = /bin/sh;
			shellScript = "diff \"${PODS_ROOT}/../Podfile.lock\" \"${PODS_ROOT}/Manifest.lock\" > /dev/null\nif [[ $? != 0 ]] ; then\n    cat << EOM\nerror: The sandbox is not in sync with the Podfile.lock. Run 'pod install' or update your CocoaPods installation.\nEOM\n    exit 1\nfi\n";
			showEnvVarsInLog = 0;
		};
/* End PBXShellScriptBuildPhase section */

/* Begin PBXSourcesBuildPhase section */
		AF0386301AE771B900778017 /* Sources */ = {
			isa = PBXSourcesBuildPhase;
			buildActionMask = 2147483647;
			files = (
				AF1FCAAC1AEC81F500A15D92 /* ScanningPage.swift in Sources */,
				AF1FCAAA1AEC574600A15D92 /* ProfilePage.swift in Sources */,
				AF3731FC1AE833FB00E9706D /* PreviewController.swift in Sources */,
				AF3731FE1AE8341F00E9706D /* DiscoveredBarCodeView.swift in Sources */,
				AF1FCAA61AEC4DBD00A15D92 /* PreviewController2.swift in Sources */,
				AF03863A1AE771B900778017 /* AppDelegate.swift in Sources */,
				AF03865A1AE7745000778017 /* ContainerController.swift in Sources */,
			);
			runOnlyForDeploymentPostprocessing = 0;
		};
		AF0386451AE771B900778017 /* Sources */ = {
			isa = PBXSourcesBuildPhase;
			buildActionMask = 2147483647;
			files = (
				AF0386501AE771B900778017 /* FacebumpTests.swift in Sources */,
			);
			runOnlyForDeploymentPostprocessing = 0;
		};
/* End PBXSourcesBuildPhase section */

/* Begin PBXTargetDependency section */
		AF03864B1AE771B900778017 /* PBXTargetDependency */ = {
			isa = PBXTargetDependency;
			target = AF0386331AE771B900778017 /* Facebump */;
			targetProxy = AF03864A1AE771B900778017 /* PBXContainerItemProxy */;
		};
/* End PBXTargetDependency section */

/* Begin XCBuildConfiguration section */
		AF0386511AE771B900778017 /* Debug */ = {
			isa = XCBuildConfiguration;
			buildSettings = {
				ALWAYS_SEARCH_USER_PATHS = NO;
				CLANG_CXX_LANGUAGE_STANDARD = "gnu++0x";
				CLANG_CXX_LIBRARY = "libc++";
				CLANG_ENABLE_MODULES = YES;
				CLANG_ENABLE_OBJC_ARC = YES;
				CLANG_WARN_BOOL_CONVERSION = YES;
				CLANG_WARN_CONSTANT_CONVERSION = YES;
				CLANG_WARN_DIRECT_OBJC_ISA_USAGE = YES_ERROR;
				CLANG_WARN_EMPTY_BODY = YES;
				CLANG_WARN_ENUM_CONVERSION = YES;
				CLANG_WARN_INT_CONVERSION = YES;
				CLANG_WARN_OBJC_ROOT_CLASS = YES_ERROR;
				CLANG_WARN_UNREACHABLE_CODE = YES;
				CLANG_WARN__DUPLICATE_METHOD_MATCH = YES;
				"CODE_SIGN_IDENTITY[sdk=iphoneos*]" = "iPhone Developer";
				COPY_PHASE_STRIP = NO;
				DEBUG_INFORMATION_FORMAT = "dwarf-with-dsym";
				ENABLE_STRICT_OBJC_MSGSEND = YES;
				GCC_C_LANGUAGE_STANDARD = gnu99;
				GCC_DYNAMIC_NO_PIC = NO;
				GCC_NO_COMMON_BLOCKS = YES;
				GCC_OPTIMIZATION_LEVEL = 0;
				GCC_PREPROCESSOR_DEFINITIONS = (
					"DEBUG=1",
					"$(inherited)",
				);
				GCC_SYMBOLS_PRIVATE_EXTERN = NO;
				GCC_WARN_64_TO_32_BIT_CONVERSION = YES;
				GCC_WARN_ABOUT_RETURN_TYPE = YES_ERROR;
				GCC_WARN_UNDECLARED_SELECTOR = YES;
				GCC_WARN_UNINITIALIZED_AUTOS = YES_AGGRESSIVE;
				GCC_WARN_UNUSED_FUNCTION = YES;
				GCC_WARN_UNUSED_VARIABLE = YES;
				IPHONEOS_DEPLOYMENT_TARGET = 8.3;
				MTL_ENABLE_DEBUG_INFO = YES;
				ONLY_ACTIVE_ARCH = YES;
				SDKROOT = iphoneos;
				SWIFT_OPTIMIZATION_LEVEL = "-Onone";
				TARGETED_DEVICE_FAMILY = "1,2";
			};
			name = Debug;
		};
		AF0386521AE771B900778017 /* Release */ = {
			isa = XCBuildConfiguration;
			buildSettings = {
				ALWAYS_SEARCH_USER_PATHS = NO;
				CLANG_CXX_LANGUAGE_STANDARD = "gnu++0x";
				CLANG_CXX_LIBRARY = "libc++";
				CLANG_ENABLE_MODULES = YES;
				CLANG_ENABLE_OBJC_ARC = YES;
				CLANG_WARN_BOOL_CONVERSION = YES;
				CLANG_WARN_CONSTANT_CONVERSION = YES;
				CLANG_WARN_DIRECT_OBJC_ISA_USAGE = YES_ERROR;
				CLANG_WARN_EMPTY_BODY = YES;
				CLANG_WARN_ENUM_CONVERSION = YES;
				CLANG_WARN_INT_CONVERSION = YES;
				CLANG_WARN_OBJC_ROOT_CLASS = YES_ERROR;
				CLANG_WARN_UNREACHABLE_CODE = YES;
				CLANG_WARN__DUPLICATE_METHOD_MATCH = YES;
				"CODE_SIGN_IDENTITY[sdk=iphoneos*]" = "iPhone Developer";
				COPY_PHASE_STRIP = NO;
				DEBUG_INFORMATION_FORMAT = "dwarf-with-dsym";
				ENABLE_NS_ASSERTIONS = NO;
				ENABLE_STRICT_OBJC_MSGSEND = YES;
				GCC_C_LANGUAGE_STANDARD = gnu99;
				GCC_NO_COMMON_BLOCKS = YES;
				GCC_WARN_64_TO_32_BIT_CONVERSION = YES;
				GCC_WARN_ABOUT_RETURN_TYPE = YES_ERROR;
				GCC_WARN_UNDECLARED_SELECTOR = YES;
				GCC_WARN_UNINITIALIZED_AUTOS = YES_AGGRESSIVE;
				GCC_WARN_UNUSED_FUNCTION = YES;
				GCC_WARN_UNUSED_VARIABLE = YES;
				IPHONEOS_DEPLOYMENT_TARGET = 8.3;
				MTL_ENABLE_DEBUG_INFO = NO;
				SDKROOT = iphoneos;
				TARGETED_DEVICE_FAMILY = "1,2";
				VALIDATE_PRODUCT = YES;
			};
			name = Release;
		};
		AF0386541AE771B900778017 /* Debug */ = {
			isa = XCBuildConfiguration;
			baseConfigurationReference = 8F1DCDA814A1D379F6CF686D /* Pods-Facebump.debug.xcconfig */;
			buildSettings = {
				ASSETCATALOG_COMPILER_APPICON_NAME = AppIcon;
				INFOPLIST_FILE = Facebump/Info.plist;
				LD_RUNPATH_SEARCH_PATHS = "$(inherited) @executable_path/Frameworks";
				PRODUCT_NAME = "$(TARGET_NAME)";
			};
			name = Debug;
		};
		AF0386551AE771B900778017 /* Release */ = {
			isa = XCBuildConfiguration;
			baseConfigurationReference = F154D5F866E928B41F800A2A /* Pods-Facebump.release.xcconfig */;
			buildSettings = {
				ASSETCATALOG_COMPILER_APPICON_NAME = AppIcon;
				INFOPLIST_FILE = Facebump/Info.plist;
				LD_RUNPATH_SEARCH_PATHS = "$(inherited) @executable_path/Frameworks";
				PRODUCT_NAME = "$(TARGET_NAME)";
			};
			name = Release;
		};
		AF0386571AE771B900778017 /* Debug */ = {
			isa = XCBuildConfiguration;
			buildSettings = {
				BUNDLE_LOADER = "$(TEST_HOST)";
				FRAMEWORK_SEARCH_PATHS = (
					"$(SDKROOT)/Developer/Library/Frameworks",
					"$(inherited)",
				);
				GCC_PREPROCESSOR_DEFINITIONS = (
					"DEBUG=1",
					"$(inherited)",
				);
				INFOPLIST_FILE = FacebumpTests/Info.plist;
				LD_RUNPATH_SEARCH_PATHS = "$(inherited) @executable_path/Frameworks @loader_path/Frameworks";
				PRODUCT_NAME = "$(TARGET_NAME)";
				TEST_HOST = "$(BUILT_PRODUCTS_DIR)/Facebump.app/Facebump";
			};
			name = Debug;
		};
		AF0386581AE771B900778017 /* Release */ = {
			isa = XCBuildConfiguration;
			buildSettings = {
				BUNDLE_LOADER = "$(TEST_HOST)";
				FRAMEWORK_SEARCH_PATHS = (
					"$(SDKROOT)/Developer/Library/Frameworks",
					"$(inherited)",
				);
				INFOPLIST_FILE = FacebumpTests/Info.plist;
				LD_RUNPATH_SEARCH_PATHS = "$(inherited) @executable_path/Frameworks @loader_path/Frameworks";
				PRODUCT_NAME = "$(TARGET_NAME)";
				TEST_HOST = "$(BUILT_PRODUCTS_DIR)/Facebump.app/Facebump";
			};
			name = Release;
		};
/* End XCBuildConfiguration section */

/* Begin XCConfigurationList section */
		AF03862F1AE771B900778017 /* Build configuration list for PBXProject "Facebump" */ = {
			isa = XCConfigurationList;
			buildConfigurations = (
				AF0386511AE771B900778017 /* Debug */,
				AF0386521AE771B900778017 /* Release */,
			);
			defaultConfigurationIsVisible = 0;
			defaultConfigurationName = Release;
		};
		AF0386531AE771B900778017 /* Build configuration list for PBXNativeTarget "Facebump" */ = {
			isa = XCConfigurationList;
			buildConfigurations = (
				AF0386541AE771B900778017 /* Debug */,
				AF0386551AE771B900778017 /* Release */,
			);
			defaultConfigurationIsVisible = 0;
			defaultConfigurationName = Release;
		};
		AF0386561AE771B900778017 /* Build configuration list for PBXNativeTarget "FacebumpTests" */ = {
			isa = XCConfigurationList;
			buildConfigurations = (
				AF0386571AE771B900778017 /* Debug */,
				AF0386581AE771B900778017 /* Release */,
			);
			defaultConfigurationIsVisible = 0;
			defaultConfigurationName = Release;
		};
/* End XCConfigurationList section */
	};
	rootObject = AF03862C1AE771B900778017 /* Project object */;
}
